
Microsoft Visual Studio Solution File, Format Version 12.00
# Visual Studio Version 17
VisualStudioVersion = 17.5.33627.172
MinimumVisualStudioVersion = 10.0.40219.1
Project("{9A19103F-16F7-4668-BE54-9A1E7A4F7556}") = "NYSDOT.ABLE.Application", "src\NYSDOT.ABLE.Common\NYSDOT.ABLE.Application.csproj", "{48F4D36B-2E2D-488F-9B0F-BD9B2FB71A9E}"
EndProject
Project("{2150E333-8FDC-42A3-9474-1A3956D46DE8}") = "src", "src", "{E86F3F5A-7FC5-47F3-821E-A80E2E5A72E2}"
EndProject
Project("{9A19103F-16F7-4668-BE54-9A1E7A4F7556}") = "NYSDOT.ABLE.Domain", "src\NYSDOT.ABLE.Core\NYSDOT.ABLE.Domain.csproj", "{AD62B516-65DD-4721-9E73-14D3DACC82CB}"
EndProject
Project("{9A19103F-16F7-4668-BE54-9A1E7A4F7556}") = "NYSDOT.ABLE.Infrastructure", "src\NYSDOT.ABLE.Infrastructure\NYSDOT.ABLE.Infrastructure.csproj", "{55A42AB8-D6C0-4954-9655-E0E3D8EB7B17}"
EndProject
Project("{9A19103F-16F7-4668-BE54-9A1E7A4F7556}") = "LdapAuthentication", "src\LdapAuthentication\LdapAuthentication.csproj", "{64C930ED-7DAA-419C-BCE6-0B1273C7DA0C}"
EndProject
Project("{9A19103F-16F7-4668-BE54-9A1E7A4F7556}") = "NYSDOT.ABLE.WebApp", "src\NYSDOT.ABLE.WebApp\NYSDOT.ABLE.WebApp.csproj", "{B80F7F32-4A90-4EA7-BDC1-D2DFDA9A860B}"
EndProject
Project("{2150E333-8FDC-42A3-9474-1A3956D46DE8}") = "test", "test", "{EB083808-FAE0-432B-9CD9-4FE90561B201}"
EndProject
Project("{9A19103F-16F7-4668-BE54-9A1E7A4F7556}") = "Application.Tests", "test\Application.Tests\Application.Tests.csproj", "{C5D2D838-5C66-4E14-B79B-A0AA0DEE1E34}"
EndProject
Project("{2150E333-8FDC-42A3-9474-1A3956D46DE8}") = "Authentication", "Authentication", "{A20DED0E-3C19-4756-9499-875E8A7E12E0}"
EndProject
Project("{9A19103F-16F7-4668-BE54-9A1E7A4F7556}") = "OpenIdConnect", "src\Authentication\OpenIdConnect\OpenIdConnect.csproj", "{453EA5DB-D4B4-4602-9F62-4B6233F8E75A}"
EndProject
Global
	GlobalSection(SolutionConfigurationPlatforms) = preSolution
		Debug|Any CPU = Debug|Any CPU
		Release|Any CPU = Release|Any CPU
	EndGlobalSection
	GlobalSection(ProjectConfigurationPlatforms) = postSolution
		{48F4D36B-2E2D-488F-9B0F-BD9B2FB71A9E}.Debug|Any CPU.ActiveCfg = Debug|Any CPU
		{48F4D36B-2E2D-488F-9B0F-BD9B2FB71A9E}.Debug|Any CPU.Build.0 = Debug|Any CPU
		{48F4D36B-2E2D-488F-9B0F-BD9B2FB71A9E}.Release|Any CPU.ActiveCfg = Release|Any CPU
		{48F4D36B-2E2D-488F-9B0F-BD9B2FB71A9E}.Release|Any CPU.Build.0 = Release|Any CPU
		{AD62B516-65DD-4721-9E73-14D3DACC82CB}.Debug|Any CPU.ActiveCfg = Debug|Any CPU
		{AD62B516-65DD-4721-9E73-14D3DACC82CB}.Debug|Any CPU.Build.0 = Debug|Any CPU
		{AD62B516-65DD-4721-9E73-14D3DACC82CB}.Release|Any CPU.ActiveCfg = Release|Any CPU
		{AD62B516-65DD-4721-9E73-14D3DACC82CB}.Release|Any CPU.Build.0 = Release|Any CPU
		{55A42AB8-D6C0-4954-9655-E0E3D8EB7B17}.Debug|Any CPU.ActiveCfg = Debug|Any CPU
		{55A42AB8-D6C0-4954-9655-E0E3D8EB7B17}.Debug|Any CPU.Build.0 = Debug|Any CPU
		{55A42AB8-D6C0-4954-9655-E0E3D8EB7B17}.Release|Any CPU.ActiveCfg = Release|Any CPU
		{55A42AB8-D6C0-4954-9655-E0E3D8EB7B17}.Release|Any CPU.Build.0 = Release|Any CPU
		{64C930ED-7DAA-419C-BCE6-0B1273C7DA0C}.Debug|Any CPU.ActiveCfg = Debug|Any CPU
		{64C930ED-7DAA-419C-BCE6-0B1273C7DA0C}.Debug|Any CPU.Build.0 = Debug|Any CPU
		{64C930ED-7DAA-419C-BCE6-0B1273C7DA0C}.Release|Any CPU.ActiveCfg = Release|Any CPU
		{64C930ED-7DAA-419C-BCE6-0B1273C7DA0C}.Release|Any CPU.Build.0 = Release|Any CPU
		{B80F7F32-4A90-4EA7-BDC1-D2DFDA9A860B}.Debug|Any CPU.ActiveCfg = Debug|Any CPU
		{B80F7F32-4A90-4EA7-BDC1-D2DFDA9A860B}.Debug|Any CPU.Build.0 = Debug|Any CPU
		{B80F7F32-4A90-4EA7-BDC1-D2DFDA9A860B}.Release|Any CPU.ActiveCfg = Release|Any CPU
		{B80F7F32-4A90-4EA7-BDC1-D2DFDA9A860B}.Release|Any CPU.Build.0 = Release|Any CPU
		{C5D2D838-5C66-4E14-B79B-A0AA0DEE1E34}.Debug|Any CPU.ActiveCfg = Debug|Any CPU
		{C5D2D838-5C66-4E14-B79B-A0AA0DEE1E34}.Debug|Any CPU.Build.0 = Debug|Any CPU
		{C5D2D838-5C66-4E14-B79B-A0AA0DEE1E34}.Release|Any CPU.ActiveCfg = Release|Any CPU
		{C5D2D838-5C66-4E14-B79B-A0AA0DEE1E34}.Release|Any CPU.Build.0 = Release|Any CPU
		{453EA5DB-D4B4-4602-9F62-4B6233F8E75A}.Debug|Any CPU.ActiveCfg = Debug|Any CPU
		{453EA5DB-D4B4-4602-9F62-4B6233F8E75A}.Debug|Any CPU.Build.0 = Debug|Any CPU
		{453EA5DB-D4B4-4602-9F62-4B6233F8E75A}.Release|Any CPU.ActiveCfg = Release|Any CPU
		{453EA5DB-D4B4-4602-9F62-4B6233F8E75A}.Release|Any CPU.Build.0 = Release|Any CPU
	EndGlobalSection
	GlobalSection(SolutionProperties) = preSolution
		HideSolutionNode = FALSE
	EndGlobalSection
	GlobalSection(NestedProjects) = preSolution
		{48F4D36B-2E2D-488F-9B0F-BD9B2FB71A9E} = {E86F3F5A-7FC5-47F3-821E-A80E2E5A72E2}
		{AD62B516-65DD-4721-9E73-14D3DACC82CB} = {E86F3F5A-7FC5-47F3-821E-A80E2E5A72E2}
		{55A42AB8-D6C0-4954-9655-E0E3D8EB7B17} = {E86F3F5A-7FC5-47F3-821E-A80E2E5A72E2}
		{64C930ED-7DAA-419C-BCE6-0B1273C7DA0C} = {E86F3F5A-7FC5-47F3-821E-A80E2E5A72E2}
		{B80F7F32-4A90-4EA7-BDC1-D2DFDA9A860B} = {E86F3F5A-7FC5-47F3-821E-A80E2E5A72E2}
		{C5D2D838-5C66-4E14-B79B-A0AA0DEE1E34} = {EB083808-FAE0-432B-9CD9-4FE90561B201}
		{A20DED0E-3C19-4756-9499-875E8A7E12E0} = {E86F3F5A-7FC5-47F3-821E-A80E2E5A72E2}
		{453EA5DB-D4B4-4602-9F62-4B6233F8E75A} = {A20DED0E-3C19-4756-9499-875E8A7E12E0}
	EndGlobalSection
	GlobalSection(ExtensibilityGlobals) = postSolution
		SolutionGuid = {3BD8610D-C7A8-4C16-B8D4-693B6C65E0B1}
	EndGlobalSection
EndGlobal
